
Microsoft Visual Studio Solution File, Format Version 12.00
# Visual Studio Version 16
VisualStudioVersion = 16.0.28803.156
MinimumVisualStudioVersion = 10.0.40219.1
Project("{FAE04EC0-301F-11D3-BF4B-00C04F79EFBC}") = "MultiThreading.ConsoleApp", "MultiThreading.ConsoleApp\MultiThreading.ConsoleApp.csproj", "{5F88D75A-1FA4-4E08-AF30-6A4A82D92AB9}"
EndProject
Project("{FAE04EC0-301F-11D3-BF4B-00C04F79EFBC}") = "MultiThreading.Core", "MultiThreading.Core\MultiThreading.Core.csproj", "{FA13A8ED-9303-4BE7-9AD0-13BE5781876B}"
EndProject
Global
	GlobalSection(SolutionConfigurationPlatforms) = preSolution
		Debug|Any CPU = Debug|Any CPU
		Release|Any CPU = Release|Any CPU
	EndGlobalSection
	GlobalSection(ProjectConfigurationPlatforms) = postSolution
		{5F88D75A-1FA4-4E08-AF30-6A4A82D92AB9}.Debug|Any CPU.ActiveCfg = Debug|Any CPU
		{5F88D75A-1FA4-4E08-AF30-6A4A82D92AB9}.Debug|Any CPU.Build.0 = Debug|Any CPU
		{5F88D75A-1FA4-4E08-AF30-6A4A82D92AB9}.Release|Any CPU.ActiveCfg = Release|Any CPU
		{5F88D75A-1FA4-4E08-AF30-6A4A82D92AB9}.Release|Any CPU.Build.0 = Release|Any CPU
		{FA13A8ED-9303-4BE7-9AD0-13BE5781876B}.Debug|Any CPU.ActiveCfg = Debug|Any CPU
		{FA13A8ED-9303-4BE7-9AD0-13BE5781876B}.Debug|Any CPU.Build.0 = Debug|Any CPU
		{FA13A8ED-9303-4BE7-9AD0-13BE5781876B}.Release|Any CPU.ActiveCfg = Release|Any CPU
		{FA13A8ED-9303-4BE7-9AD0-13BE5781876B}.Release|Any CPU.Build.0 = Release|Any CPU
	EndGlobalSection
	GlobalSection(SolutionProperties) = preSolution
		HideSolutionNode = FALSE
	EndGlobalSection
	GlobalSection(ExtensibilityGlobals) = postSolution
		SolutionGuid = {E809E45B-9C23-4E2B-A583-6F97307A5E8F}
	EndGlobalSection
EndGlobal
