
Microsoft Visual Studio Solution File, Format Version 12.00
# Visual Studio Version 16
VisualStudioVersion = 16.0.28803.156
MinimumVisualStudioVersion = 10.0.40219.1
Project("{FAE04EC0-301F-11D3-BF4B-00C04F79EFBC}") = "FoodShop.Core", "FoodShop.Core\FoodShop.Core.csproj", "{F3F2A078-D4F7-452C-909E-8891B7CA6FBC}"
EndProject
Project("{FAE04EC0-301F-11D3-BF4B-00C04F79EFBC}") = "FoodShop.WpfApp", "FoodShop.WpfApp\FoodShop.WpfApp.csproj", "{36480D13-748C-40B2-B339-A90C3FDCA5EE}"
EndProject
Global
	GlobalSection(SolutionConfigurationPlatforms) = preSolution
		Debug|Any CPU = Debug|Any CPU
		Release|Any CPU = Release|Any CPU
	EndGlobalSection
	GlobalSection(ProjectConfigurationPlatforms) = postSolution
		{F3F2A078-D4F7-452C-909E-8891B7CA6FBC}.Debug|Any CPU.ActiveCfg = Debug|Any CPU
		{F3F2A078-D4F7-452C-909E-8891B7CA6FBC}.Debug|Any CPU.Build.0 = Debug|Any CPU
		{F3F2A078-D4F7-452C-909E-8891B7CA6FBC}.Release|Any CPU.ActiveCfg = Release|Any CPU
		{F3F2A078-D4F7-452C-909E-8891B7CA6FBC}.Release|Any CPU.Build.0 = Release|Any CPU
		{36480D13-748C-40B2-B339-A90C3FDCA5EE}.Debug|Any CPU.ActiveCfg = Debug|Any CPU
		{36480D13-748C-40B2-B339-A90C3FDCA5EE}.Debug|Any CPU.Build.0 = Debug|Any CPU
		{36480D13-748C-40B2-B339-A90C3FDCA5EE}.Release|Any CPU.ActiveCfg = Release|Any CPU
		{36480D13-748C-40B2-B339-A90C3FDCA5EE}.Release|Any CPU.Build.0 = Release|Any CPU
	EndGlobalSection
	GlobalSection(SolutionProperties) = preSolution
		HideSolutionNode = FALSE
	EndGlobalSection
	GlobalSection(ExtensibilityGlobals) = postSolution
		SolutionGuid = {CFFFAE92-1213-4EA0-8211-81A01D8EAFB0}
	EndGlobalSection
EndGlobal
